
Microsoft Visual Studio Solution File, Format Version 12.00
# Visual Studio Version 17
VisualStudioVersion = 17.0.31912.275
MinimumVisualStudioVersion = 10.0.40219.1
Project("{FAE04EC0-301F-11D3-BF4B-00C04F79EFBC}") = "WpfApp2", "WpfApp2\WpfApp2.csproj", "{D8233C1B-E9D8-4A6B-BA70-A65A6B98E1C8}"
EndProject
Global
	GlobalSection(SolutionConfigurationPlatforms) = preSolution
		Debug|Any CPU = Debug|Any CPU
		Release|Any CPU = Release|Any CPU
	EndGlobalSection
	GlobalSection(ProjectConfigurationPlatforms) = postSolution
		{D8233C1B-E9D8-4A6B-BA70-A65A6B98E1C8}.Debug|Any CPU.ActiveCfg = Debug|Any CPU
		{D8233C1B-E9D8-4A6B-BA70-A65A6B98E1C8}.Debug|Any CPU.Build.0 = Debug|Any CPU
		{D8233C1B-E9D8-4A6B-BA70-A65A6B98E1C8}.Release|Any CPU.ActiveCfg = Release|Any CPU
		{D8233C1B-E9D8-4A6B-BA70-A65A6B98E1C8}.Release|Any CPU.Build.0 = Release|Any CPU
	EndGlobalSection
	GlobalSection(SolutionProperties) = preSolution
		HideSolutionNode = FALSE
	EndGlobalSection
	GlobalSection(ExtensibilityGlobals) = postSolution
		SolutionGuid = {6C72936D-04EE-421F-A681-1DAB956000F8}
	EndGlobalSection
EndGlobal
